
Microsoft Visual Studio Solution File, Format Version 12.00
# Visual Studio Version 17
VisualStudioVersion = 17.1.32210.238
MinimumVisualStudioVersion = 10.0.40219.1
Project("{FAE04EC0-301F-11D3-BF4B-00C04F79EFBC}") = "2", "2\2.csproj", "{2AECDA33-7501-4D46-82C4-5FD4912B0977}"
EndProject
Global
	GlobalSection(SolutionConfigurationPlatforms) = preSolution
		Debug|Any CPU = Debug|Any CPU
		Release|Any CPU = Release|Any CPU
	EndGlobalSection
	GlobalSection(ProjectConfigurationPlatforms) = postSolution
		{2AECDA33-7501-4D46-82C4-5FD4912B0977}.Debug|Any CPU.ActiveCfg = Debug|Any CPU
		{2AECDA33-7501-4D46-82C4-5FD4912B0977}.Debug|Any CPU.Build.0 = Debug|Any CPU
		{2AECDA33-7501-4D46-82C4-5FD4912B0977}.Release|Any CPU.ActiveCfg = Release|Any CPU
		{2AECDA33-7501-4D46-82C4-5FD4912B0977}.Release|Any CPU.Build.0 = Release|Any CPU
	EndGlobalSection
	GlobalSection(SolutionProperties) = preSolution
		HideSolutionNode = FALSE
	EndGlobalSection
	GlobalSection(ExtensibilityGlobals) = postSolution
		SolutionGuid = {909D2549-8500-4372-AE81-59C085CDBD2A}
	EndGlobalSection
EndGlobal
